
Microsoft Visual Studio Solution File, Format Version 12.00
# Visual Studio Version 17
VisualStudioVersion = 17.10.35122.118
MinimumVisualStudioVersion = 10.0.40219.1
Project("{FAE04EC0-301F-11D3-BF4B-00C04F79EFBC}") = "Mergen GCSS", "Mergen GCSS\Mergen GCSS.csproj", "{6B446EB9-4CE5-49EF-9C46-0E38E0F8F065}"
EndProject
Project("{2150E333-8FDC-42A3-9474-1A3956D46DE8}") = "Solution Items", "Solution Items", "{3625F5F8-80FF-488B-A9FB-BB05DE258148}"
EndProject
Global
	GlobalSection(SolutionConfigurationPlatforms) = preSolution
		Debug|Any CPU = Debug|Any CPU
		Release|Any CPU = Release|Any CPU
	EndGlobalSection
	GlobalSection(ProjectConfigurationPlatforms) = postSolution
		{6B446EB9-4CE5-49EF-9C46-0E38E0F8F065}.Debug|Any CPU.ActiveCfg = Debug|Any CPU
		{6B446EB9-4CE5-49EF-9C46-0E38E0F8F065}.Debug|Any CPU.Build.0 = Debug|Any CPU
		{6B446EB9-4CE5-49EF-9C46-0E38E0F8F065}.Release|Any CPU.ActiveCfg = Release|Any CPU
		{6B446EB9-4CE5-49EF-9C46-0E38E0F8F065}.Release|Any CPU.Build.0 = Release|Any CPU
	EndGlobalSection
	GlobalSection(SolutionProperties) = preSolution
		HideSolutionNode = FALSE
	EndGlobalSection
	GlobalSection(ExtensibilityGlobals) = postSolution
		SolutionGuid = {800F1C22-8A8F-4DCE-B908-55A142E4FFB8}
	EndGlobalSection
EndGlobal
